
Microsoft Visual Studio Solution File, Format Version 12.00
# Visual Studio Version 17
VisualStudioVersion = 17.14.36518.9 d17.14
MinimumVisualStudioVersion = 10.0.40219.1
Project("{FAE04EC0-301F-11D3-BF4B-00C04F79EFBC}") = "LookAt_Server", "LookAt_Server\LookAt_Server.csproj", "{1BD614FB-CA30-4E5E-8637-D4E54EB5941A}"
EndProject
Global
	GlobalSection(SolutionConfigurationPlatforms) = preSolution
		Debug|Any CPU = Debug|Any CPU
		Release|Any CPU = Release|Any CPU
	EndGlobalSection
	GlobalSection(ProjectConfigurationPlatforms) = postSolution
		{1BD614FB-CA30-4E5E-8637-D4E54EB5941A}.Debug|Any CPU.ActiveCfg = Debug|Any CPU
		{1BD614FB-CA30-4E5E-8637-D4E54EB5941A}.Debug|Any CPU.Build.0 = Debug|Any CPU
		{1BD614FB-CA30-4E5E-8637-D4E54EB5941A}.Release|Any CPU.ActiveCfg = Release|Any CPU
		{1BD614FB-CA30-4E5E-8637-D4E54EB5941A}.Release|Any CPU.Build.0 = Release|Any CPU
	EndGlobalSection
	GlobalSection(SolutionProperties) = preSolution
		HideSolutionNode = FALSE
	EndGlobalSection
	GlobalSection(ExtensibilityGlobals) = postSolution
		SolutionGuid = {9217BB26-B074-4808-85B9-9C7C1A64D801}
	EndGlobalSection
EndGlobal
